// !$*UTF8*$!
{
	archiveVersion = 1;
	classes = {
	};
	objectVersion = 46;
	objects = {

/* Begin PBXBuildFile section */
		4EFAF0E019EE3D04004E2FCC /* AppDelegate.swift in Sources */ = {isa = PBXBuildFile; fileRef = 4EFAF0DF19EE3D04004E2FCC /* AppDelegate.swift */; };
		4EFAF0E719EE3D04004E2FCC /* Images.xcassets in Resources */ = {isa = PBXBuildFile; fileRef = 4EFAF0E619EE3D04004E2FCC /* Images.xcassets */; };
		4EFAF0EA19EE3D04004E2FCC /* LaunchScreen.xib in Resources */ = {isa = PBXBuildFile; fileRef = 4EFAF0E819EE3D04004E2FCC /* LaunchScreen.xib */; };
		4EFAF0F619EE3D04004E2FCC /* DouyoTests.swift in Sources */ = {isa = PBXBuildFile; fileRef = 4EFAF0F519EE3D04004E2FCC /* DouyoTests.swift */; };
		4EFAF10319EE3EBF004E2FCC /* DouyoViewController.swift in Sources */ = {isa = PBXBuildFile; fileRef = 4EFAF10219EE3EBF004E2FCC /* DouyoViewController.swift */; };
		4EFAF10519EE3ED1004E2FCC /* DouyoStoryboard.storyboard in Resources */ = {isa = PBXBuildFile; fileRef = 4EFAF10419EE3ED1004E2FCC /* DouyoStoryboard.storyboard */; };
		4EFAF10819EE42A9004E2FCC /* QuestionStoryboard.storyboard in Resources */ = {isa = PBXBuildFile; fileRef = 4EFAF10719EE42A9004E2FCC /* QuestionStoryboard.storyboard */; };
		4EFAF10A19EE42B2004E2FCC /* QuestionViewController.swift in Sources */ = {isa = PBXBuildFile; fileRef = 4EFAF10919EE42B2004E2FCC /* QuestionViewController.swift */; };
		4EFAF11219EE580B004E2FCC /* ResultViewController.swift in Sources */ = {isa = PBXBuildFile; fileRef = 4EFAF11119EE580B004E2FCC /* ResultViewController.swift */; };
		4EFAF11419EE5822004E2FCC /* ResultStoryboard.storyboard in Resources */ = {isa = PBXBuildFile; fileRef = 4EFAF11319EE5822004E2FCC /* ResultStoryboard.storyboard */; };
/* End PBXBuildFile section */

/* Begin PBXContainerItemProxy section */
		4EFAF0F019EE3D04004E2FCC /* PBXContainerItemProxy */ = {
			isa = PBXContainerItemProxy;
			containerPortal = 4EFAF0D219EE3D03004E2FCC /* Project object */;
			proxyType = 1;
			remoteGlobalIDString = 4EFAF0D919EE3D04004E2FCC;
			remoteInfo = Douyo;
		};
/* End PBXContainerItemProxy section */

/* Begin PBXFileReference section */
		4EFAF0DA19EE3D04004E2FCC /* Douyo.app */ = {isa = PBXFileReference; explicitFileType = wrapper.application; includeInIndex = 0; path = Douyo.app; sourceTree = BUILT_PRODUCTS_DIR; };
		4EFAF0DE19EE3D04004E2FCC /* Info.plist */ = {isa = PBXFileReference; lastKnownFileType = text.plist.xml; path = Info.plist; sourceTree = "<group>"; };
		4EFAF0DF19EE3D04004E2FCC /* AppDelegate.swift */ = {isa = PBXFileReference; lastKnownFileType = sourcecode.swift; path = AppDelegate.swift; sourceTree = "<group>"; };
		4EFAF0E619EE3D04004E2FCC /* Images.xcassets */ = {isa = PBXFileReference; lastKnownFileType = folder.assetcatalog; path = Images.xcassets; sourceTree = "<group>"; };
		4EFAF0E919EE3D04004E2FCC /* Base */ = {isa = PBXFileReference; lastKnownFileType = file.xib; name = Base; path = Base.lproj/LaunchScreen.xib; sourceTree = "<group>"; };
		4EFAF0EF19EE3D04004E2FCC /* DouyoTests.xctest */ = {isa = PBXFileReference; explicitFileType = wrapper.cfbundle; includeInIndex = 0; path = DouyoTests.xctest; sourceTree = BUILT_PRODUCTS_DIR; };
		4EFAF0F419EE3D04004E2FCC /* Info.plist */ = {isa = PBXFileReference; lastKnownFileType = text.plist.xml; path = Info.plist; sourceTree = "<group>"; };
		4EFAF0F519EE3D04004E2FCC /* DouyoTests.swift */ = {isa = PBXFileReference; lastKnownFileType = sourcecode.swift; path = DouyoTests.swift; sourceTree = "<group>"; };
		4EFAF10219EE3EBF004E2FCC /* DouyoViewController.swift */ = {isa = PBXFileReference; fileEncoding = 4; lastKnownFileType = sourcecode.swift; path = DouyoViewController.swift; sourceTree = "<group>"; };
		4EFAF10419EE3ED1004E2FCC /* DouyoStoryboard.storyboard */ = {isa = PBXFileReference; fileEncoding = 4; lastKnownFileType = file.storyboard; path = DouyoStoryboard.storyboard; sourceTree = "<group>"; };
		4EFAF10719EE42A9004E2FCC /* QuestionStoryboard.storyboard */ = {isa = PBXFileReference; fileEncoding = 4; lastKnownFileType = file.storyboard; path = QuestionStoryboard.storyboard; sourceTree = "<group>"; };
		4EFAF10919EE42B2004E2FCC /* QuestionViewController.swift */ = {isa = PBXFileReference; fileEncoding = 4; lastKnownFileType = sourcecode.swift; path = QuestionViewController.swift; sourceTree = "<group>"; };
		4EFAF11119EE580B004E2FCC /* ResultViewController.swift */ = {isa = PBXFileReference; fileEncoding = 4; lastKnownFileType = sourcecode.swift; path = ResultViewController.swift; sourceTree = "<group>"; };
		4EFAF11319EE5822004E2FCC /* ResultStoryboard.storyboard */ = {isa = PBXFileReference; fileEncoding = 4; lastKnownFileType = file.storyboard; path = ResultStoryboard.storyboard; sourceTree = "<group>"; };
/* End PBXFileReference section */

/* Begin PBXFrameworksBuildPhase section */
		4EFAF0D719EE3D04004E2FCC /* Frameworks */ = {
			isa = PBXFrameworksBuildPhase;
			buildActionMask = 2147483647;
			files = (
			);
			runOnlyForDeploymentPostprocessing = 0;
		};
		4EFAF0EC19EE3D04004E2FCC /* Frameworks */ = {
			isa = PBXFrameworksBuildPhase;
			buildActionMask = 2147483647;
			files = (
			);
			runOnlyForDeploymentPostprocessing = 0;
		};
/* End PBXFrameworksBuildPhase section */

/* Begin PBXGroup section */
		4EFAF0D119EE3D03004E2FCC = {
			isa = PBXGroup;
			children = (
				4EFAF0DC19EE3D04004E2FCC /* Douyo */,
				4EFAF0F219EE3D04004E2FCC /* DouyoTests */,
				4EFAF0DB19EE3D04004E2FCC /* Products */,
			);
			sourceTree = "<group>";
		};
		4EFAF0DB19EE3D04004E2FCC /* Products */ = {
			isa = PBXGroup;
			children = (
				4EFAF0DA19EE3D04004E2FCC /* Douyo.app */,
				4EFAF0EF19EE3D04004E2FCC /* DouyoTests.xctest */,
			);
			name = Products;
			sourceTree = "<group>";
		};
		4EFAF0DC19EE3D04004E2FCC /* Douyo */ = {
			isa = PBXGroup;
			children = (
				4EFAF10019EE3E46004E2FCC /* Service */,
				4EFAF0FF19EE3E40004E2FCC /* Controller */,
				4EFAF0DF19EE3D04004E2FCC /* AppDelegate.swift */,
				4EFAF0E619EE3D04004E2FCC /* Images.xcassets */,
				4EFAF0E819EE3D04004E2FCC /* LaunchScreen.xib */,
				4EFAF0DD19EE3D04004E2FCC /* Supporting Files */,
			);
			path = Douyo;
			sourceTree = "<group>";
		};
		4EFAF0DD19EE3D04004E2FCC /* Supporting Files */ = {
			isa = PBXGroup;
			children = (
				4EFAF0DE19EE3D04004E2FCC /* Info.plist */,
			);
			name = "Supporting Files";
			sourceTree = "<group>";
		};
		4EFAF0F219EE3D04004E2FCC /* DouyoTests */ = {
			isa = PBXGroup;
			children = (
				4EFAF0F519EE3D04004E2FCC /* DouyoTests.swift */,
				4EFAF0F319EE3D04004E2FCC /* Supporting Files */,
			);
			path = DouyoTests;
			sourceTree = "<group>";
		};
		4EFAF0F319EE3D04004E2FCC /* Supporting Files */ = {
			isa = PBXGroup;
			children = (
				4EFAF0F419EE3D04004E2FCC /* Info.plist */,
			);
			name = "Supporting Files";
			sourceTree = "<group>";
		};
		4EFAF0FF19EE3E40004E2FCC /* Controller */ = {
			isa = PBXGroup;
			children = (
				4EFAF11019EE57E5004E2FCC /* Result */,
				4EFAF10619EE427B004E2FCC /* Question */,
				4EFAF10119EE3E55004E2FCC /* Douyo */,
			);
			name = Controller;
			sourceTree = "<group>";
		};
		4EFAF10019EE3E46004E2FCC /* Service */ = {
			isa = PBXGroup;
			children = (
			);
			name = Service;
			sourceTree = "<group>";
		};
		4EFAF10119EE3E55004E2FCC /* Douyo */ = {
			isa = PBXGroup;
			children = (
				4EFAF10219EE3EBF004E2FCC /* DouyoViewController.swift */,
				4EFAF10419EE3ED1004E2FCC /* DouyoStoryboard.storyboard */,
			);
			name = Douyo;
			sourceTree = "<group>";
		};
		4EFAF10619EE427B004E2FCC /* Question */ = {
			isa = PBXGroup;
			children = (
				4EFAF10919EE42B2004E2FCC /* QuestionViewController.swift */,
				4EFAF10719EE42A9004E2FCC /* QuestionStoryboard.storyboard */,
			);
			name = Question;
			sourceTree = "<group>";
		};
		4EFAF11019EE57E5004E2FCC /* Result */ = {
			isa = PBXGroup;
			children = (
				4EFAF11119EE580B004E2FCC /* ResultViewController.swift */,
				4EFAF11319EE5822004E2FCC /* ResultStoryboard.storyboard */,
			);
			name = Result;
			sourceTree = "<group>";
		};
/* End PBXGroup section */

/* Begin PBXNativeTarget section */
		4EFAF0D919EE3D04004E2FCC /* Douyo */ = {
			isa = PBXNativeTarget;
			buildConfigurationList = 4EFAF0F919EE3D04004E2FCC /* Build configuration list for PBXNativeTarget "Douyo" */;
			buildPhases = (
				4EFAF0D619EE3D04004E2FCC /* Sources */,
				4EFAF0D719EE3D04004E2FCC /* Frameworks */,
				4EFAF0D819EE3D04004E2FCC /* Resources */,
			);
			buildRules = (
			);
			dependencies = (
			);
			name = Douyo;
			productName = Douyo;
			productReference = 4EFAF0DA19EE3D04004E2FCC /* Douyo.app */;
			productType = "com.apple.product-type.application";
		};
		4EFAF0EE19EE3D04004E2FCC /* DouyoTests */ = {
			isa = PBXNativeTarget;
			buildConfigurationList = 4EFAF0FC19EE3D04004E2FCC /* Build configuration list for PBXNativeTarget "DouyoTests" */;
			buildPhases = (
				4EFAF0EB19EE3D04004E2FCC /* Sources */,
				4EFAF0EC19EE3D04004E2FCC /* Frameworks */,
				4EFAF0ED19EE3D04004E2FCC /* Resources */,
			);
			buildRules = (
			);
			dependencies = (
				4EFAF0F119EE3D04004E2FCC /* PBXTargetDependency */,
			);
			name = DouyoTests;
			productName = DouyoTests;
			productReference = 4EFAF0EF19EE3D04004E2FCC /* DouyoTests.xctest */;
			productType = "com.apple.product-type.bundle.unit-test";
		};
/* End PBXNativeTarget section */

/* Begin PBXProject section */
		4EFAF0D219EE3D03004E2FCC /* Project object */ = {
			isa = PBXProject;
			attributes = {
				LastUpgradeCheck = 0600;
				ORGANIZATIONNAME = mironal;
				TargetAttributes = {
					4EFAF0D919EE3D04004E2FCC = {
						CreatedOnToolsVersion = 6.0.1;
					};
					4EFAF0EE19EE3D04004E2FCC = {
						CreatedOnToolsVersion = 6.0.1;
						TestTargetID = 4EFAF0D919EE3D04004E2FCC;
					};
				};
			};
			buildConfigurationList = 4EFAF0D519EE3D04004E2FCC /* Build configuration list for PBXProject "Douyo" */;
			compatibilityVersion = "Xcode 3.2";
			developmentRegion = English;
			hasScannedForEncodings = 0;
			knownRegions = (
				en,
				Base,
			);
			mainGroup = 4EFAF0D119EE3D03004E2FCC;
			productRefGroup = 4EFAF0DB19EE3D04004E2FCC /* Products */;
			projectDirPath = "";
			projectRoot = "";
			targets = (
				4EFAF0D919EE3D04004E2FCC /* Douyo */,
				4EFAF0EE19EE3D04004E2FCC /* DouyoTests */,
			);
		};
/* End PBXProject section */

/* Begin PBXResourcesBuildPhase section */
		4EFAF0D819EE3D04004E2FCC /* Resources */ = {
			isa = PBXResourcesBuildPhase;
			buildActionMask = 2147483647;
			files = (
				4EFAF10519EE3ED1004E2FCC /* DouyoStoryboard.storyboard in Resources */,
				4EFAF10819EE42A9004E2FCC /* QuestionStoryboard.storyboard in Resources */,
				4EFAF11419EE5822004E2FCC /* ResultStoryboard.storyboard in Resources */,
				4EFAF0EA19EE3D04004E2FCC /* LaunchScreen.xib in Resources */,
				4EFAF0E719EE3D04004E2FCC /* Images.xcassets in Resources */,
			);
			runOnlyForDeploymentPostprocessing = 0;
		};
		4EFAF0ED19EE3D04004E2FCC /* Resources */ = {
			isa = PBXResourcesBuildPhase;
			buildActionMask = 2147483647;
			files = (
			);
			runOnlyForDeploymentPostprocessing = 0;
		};
/* End PBXResourcesBuildPhase section */

/* Begin PBXSourcesBuildPhase section */
		4EFAF0D619EE3D04004E2FCC /* Sources */ = {
			isa = PBXSourcesBuildPhase;
			buildActionMask = 2147483647;
			files = (
				4EFAF0E019EE3D04004E2FCC /* AppDelegate.swift in Sources */,
				4EFAF10319EE3EBF004E2FCC /* DouyoViewController.swift in Sources */,
				4EFAF10A19EE42B2004E2FCC /* QuestionViewController.swift in Sources */,
				4EFAF11219EE580B004E2FCC /* ResultViewController.swift in Sources */,
			);
			runOnlyForDeploymentPostprocessing = 0;
		};
		4EFAF0EB19EE3D04004E2FCC /* Sources */ = {
			isa = PBXSourcesBuildPhase;
			buildActionMask = 2147483647;
			files = (
				4EFAF0F619EE3D04004E2FCC /* DouyoTests.swift in Sources */,
			);
			runOnlyForDeploymentPostprocessing = 0;
		};
/* End PBXSourcesBuildPhase section */

/* Begin PBXTargetDependency section */
		4EFAF0F119EE3D04004E2FCC /* PBXTargetDependency */ = {
			isa = PBXTargetDependency;
			target = 4EFAF0D919EE3D04004E2FCC /* Douyo */;
			targetProxy = 4EFAF0F019EE3D04004E2FCC /* PBXContainerItemProxy */;
		};
/* End PBXTargetDependency section */

/* Begin PBXVariantGroup section */
		4EFAF0E819EE3D04004E2FCC /* LaunchScreen.xib */ = {
			isa = PBXVariantGroup;
			children = (
				4EFAF0E919EE3D04004E2FCC /* Base */,
			);
			name = LaunchScreen.xib;
			sourceTree = "<group>";
		};
/* End PBXVariantGroup section */

/* Begin XCBuildConfiguration section */
		4EFAF0F719EE3D04004E2FCC /* Debug */ = {
			isa = XCBuildConfiguration;
			buildSettings = {
				ALWAYS_SEARCH_USER_PATHS = NO;
				CLANG_CXX_LANGUAGE_STANDARD = "gnu++0x";
				CLANG_CXX_LIBRARY = "libc++";
				CLANG_ENABLE_MODULES = YES;
				CLANG_ENABLE_OBJC_ARC = YES;
				CLANG_WARN_BOOL_CONVERSION = YES;
				CLANG_WARN_CONSTANT_CONVERSION = YES;
				CLANG_WARN_DIRECT_OBJC_ISA_USAGE = YES_ERROR;
				CLANG_WARN_EMPTY_BODY = YES;
				CLANG_WARN_ENUM_CONVERSION = YES;
				CLANG_WARN_INT_CONVERSION = YES;
				CLANG_WARN_OBJC_ROOT_CLASS = YES_ERROR;
				CLANG_WARN_UNREACHABLE_CODE = YES;
				CLANG_WARN__DUPLICATE_METHOD_MATCH = YES;
				"CODE_SIGN_IDENTITY[sdk=iphoneos*]" = "iPhone Developer";
				COPY_PHASE_STRIP = NO;
				ENABLE_STRICT_OBJC_MSGSEND = YES;
				GCC_C_LANGUAGE_STANDARD = gnu99;
				GCC_DYNAMIC_NO_PIC = NO;
				GCC_OPTIMIZATION_LEVEL = 0;
				GCC_PREPROCESSOR_DEFINITIONS = (
					"DEBUG=1",
					"$(inherited)",
				);
				GCC_SYMBOLS_PRIVATE_EXTERN = NO;
				GCC_WARN_64_TO_32_BIT_CONVERSION = YES;
				GCC_WARN_ABOUT_RETURN_TYPE = YES_ERROR;
				GCC_WARN_UNDECLARED_SELECTOR = YES;
				GCC_WARN_UNINITIALIZED_AUTOS = YES_AGGRESSIVE;
				GCC_WARN_UNUSED_FUNCTION = YES;
				GCC_WARN_UNUSED_VARIABLE = YES;
				IPHONEOS_DEPLOYMENT_TARGET = 8.0;
				MTL_ENABLE_DEBUG_INFO = YES;
				ONLY_ACTIVE_ARCH = YES;
				SDKROOT = iphoneos;
				SWIFT_OPTIMIZATION_LEVEL = "-Onone";
			};
			name = Debug;
		};
		4EFAF0F819EE3D04004E2FCC /* Release */ = {
			isa = XCBuildConfiguration;
			buildSettings = {
				ALWAYS_SEARCH_USER_PATHS = NO;
				CLANG_CXX_LANGUAGE_STANDARD = "gnu++0x";
				CLANG_CXX_LIBRARY = "libc++";
				CLANG_ENABLE_MODULES = YES;
				CLANG_ENABLE_OBJC_ARC = YES;
				CLANG_WARN_BOOL_CONVERSION = YES;
				CLANG_WARN_CONSTANT_CONVERSION = YES;
				CLANG_WARN_DIRECT_OBJC_ISA_USAGE = YES_ERROR;
				CLANG_WARN_EMPTY_BODY = YES;
				CLANG_WARN_ENUM_CONVERSION = YES;
				CLANG_WARN_INT_CONVERSION = YES;
				CLANG_WARN_OBJC_ROOT_CLASS = YES_ERROR;
				CLANG_WARN_UNREACHABLE_CODE = YES;
				CLANG_WARN__DUPLICATE_METHOD_MATCH = YES;
				"CODE_SIGN_IDENTITY[sdk=iphoneos*]" = "iPhone Developer";
				COPY_PHASE_STRIP = YES;
				ENABLE_NS_ASSERTIONS = NO;
				ENABLE_STRICT_OBJC_MSGSEND = YES;
				GCC_C_LANGUAGE_STANDARD = gnu99;
				GCC_WARN_64_TO_32_BIT_CONVERSION = YES;
				GCC_WARN_ABOUT_RETURN_TYPE = YES_ERROR;
				GCC_WARN_UNDECLARED_SELECTOR = YES;
				GCC_WARN_UNINITIALIZED_AUTOS = YES_AGGRESSIVE;
				GCC_WARN_UNUSED_FUNCTION = YES;
				GCC_WARN_UNUSED_VARIABLE = YES;
				IPHONEOS_DEPLOYMENT_TARGET = 8.0;
				MTL_ENABLE_DEBUG_INFO = NO;
				SDKROOT = iphoneos;
				VALIDATE_PRODUCT = YES;
			};
			name = Release;
		};
		4EFAF0FA19EE3D04004E2FCC /* Debug */ = {
			isa = XCBuildConfiguration;
			buildSettings = {
				ASSETCATALOG_COMPILER_APPICON_NAME = AppIcon;
				INFOPLIST_FILE = Douyo/Info.plist;
				LD_RUNPATH_SEARCH_PATHS = "$(inherited) @executable_path/Frameworks";
				PRODUCT_NAME = "$(TARGET_NAME)";
			};
			name = Debug;
		};
		4EFAF0FB19EE3D04004E2FCC /* Release */ = {
			isa = XCBuildConfiguration;
			buildSettings = {
				ASSETCATALOG_COMPILER_APPICON_NAME = AppIcon;
				INFOPLIST_FILE = Douyo/Info.plist;
				LD_RUNPATH_SEARCH_PATHS = "$(inherited) @executable_path/Frameworks";
				PRODUCT_NAME = "$(TARGET_NAME)";
			};
			name = Release;
		};
		4EFAF0FD19EE3D04004E2FCC /* Debug */ = {
			isa = XCBuildConfiguration;
			buildSettings = {
				BUNDLE_LOADER = "$(TEST_HOST)";
				FRAMEWORK_SEARCH_PATHS = (
					"$(SDKROOT)/Developer/Library/Frameworks",
					"$(inherited)",
				);
				GCC_PREPROCESSOR_DEFINITIONS = (
					"DEBUG=1",
					"$(inherited)",
				);
				INFOPLIST_FILE = DouyoTests/Info.plist;
				LD_RUNPATH_SEARCH_PATHS = "$(inherited) @executable_path/Frameworks @loader_path/Frameworks";
				PRODUCT_NAME = "$(TARGET_NAME)";
				TEST_HOST = "$(BUILT_PRODUCTS_DIR)/Douyo.app/Douyo";
			};
			name = Debug;
		};
		4EFAF0FE19EE3D04004E2FCC /* Release */ = {
			isa = XCBuildConfiguration;
			buildSettings = {
				BUNDLE_LOADER = "$(TEST_HOST)";
				FRAMEWORK_SEARCH_PATHS = (
					"$(SDKROOT)/Developer/Library/Frameworks",
					"$(inherited)",
				);
				INFOPLIST_FILE = DouyoTests/Info.plist;
				LD_RUNPATH_SEARCH_PATHS = "$(inherited) @executable_path/Frameworks @loader_path/Frameworks";
				PRODUCT_NAME = "$(TARGET_NAME)";
				TEST_HOST = "$(BUILT_PRODUCTS_DIR)/Douyo.app/Douyo";
			};
			name = Release;
		};
/* End XCBuildConfiguration section */

/* Begin XCConfigurationList section */
		4EFAF0D519EE3D04004E2FCC /* Build configuration list for PBXProject "Douyo" */ = {
			isa = XCConfigurationList;
			buildConfigurations = (
				4EFAF0F719EE3D04004E2FCC /* Debug */,
				4EFAF0F819EE3D04004E2FCC /* Release */,
			);
			defaultConfigurationIsVisible = 0;
			defaultConfigurationName = Release;
		};
		4EFAF0F919EE3D04004E2FCC /* Build configuration list for PBXNativeTarget "Douyo" */ = {
			isa = XCConfigurationList;
			buildConfigurations = (
				4EFAF0FA19EE3D04004E2FCC /* Debug */,
				4EFAF0FB19EE3D04004E2FCC /* Release */,
			);
			defaultConfigurationIsVisible = 0;
		};
		4EFAF0FC19EE3D04004E2FCC /* Build configuration list for PBXNativeTarget "DouyoTests" */ = {
			isa = XCConfigurationList;
			buildConfigurations = (
				4EFAF0FD19EE3D04004E2FCC /* Debug */,
				4EFAF0FE19EE3D04004E2FCC /* Release */,
			);
			defaultConfigurationIsVisible = 0;
		};
/* End XCConfigurationList section */
	};
	rootObject = 4EFAF0D219EE3D03004E2FCC /* Project object */;
}
